// !$*UTF8*$!
{
	archiveVersion = 1;
	classes = {
	};
	objectVersion = 46;
	objects = {

/* Begin PBXBuildFile section */
		046A16121BD3399800DB379B /* main.cpp in Sources */ = {isa = PBXBuildFile; fileRef = 046A16111BD3399800DB379B /* main.cpp */; };
		04C1AC581BD747B100F80EC1 /* core.h in Sources */ = {isa = PBXBuildFile; fileRef = 04C1AC541BD747B100F80EC1 /* core.h */; };
		04C1AC591BD747B100F80EC1 /* particle.cpp in Sources */ = {isa = PBXBuildFile; fileRef = 04C1AC551BD747B100F80EC1 /* particle.cpp */; };
		04C1AC5A1BD747B100F80EC1 /* particle.h in Sources */ = {isa = PBXBuildFile; fileRef = 04C1AC561BD747B100F80EC1 /* particle.h */; };
		04C1AC5B1BD747B100F80EC1 /* precision.h in Sources */ = {isa = PBXBuildFile; fileRef = 04C1AC571BD747B100F80EC1 /* precision.h */; };
/* End PBXBuildFile section */

/* Begin PBXCopyFilesBuildPhase section */
		046A160C1BD3399800DB379B /* CopyFiles */ = {
			isa = PBXCopyFilesBuildPhase;
			buildActionMask = 2147483647;
			dstPath = /usr/share/man/man1/;
			dstSubfolderSpec = 0;
			files = (
			);
			runOnlyForDeploymentPostprocessing = 1;
		};
/* End PBXCopyFilesBuildPhase section */

/* Begin PBXFileReference section */
		046A160E1BD3399800DB379B /* Bowthika */ = {isa = PBXFileReference; explicitFileType = "compiled.mach-o.executable"; includeInIndex = 0; path = Bowthika; sourceTree = BUILT_PRODUCTS_DIR; };
		046A16111BD3399800DB379B /* main.cpp */ = {isa = PBXFileReference; lastKnownFileType = sourcecode.cpp.cpp; path = main.cpp; sourceTree = "<group>"; };
		04C1AC4A1BD7475B00F80EC1 /* bowthika */ = {isa = PBXFileReference; lastKnownFileType = folder; name = bowthika; path = ../../../include/bowthika; sourceTree = "<group>"; };
		04C1AC541BD747B100F80EC1 /* core.h */ = {isa = PBXFileReference; lastKnownFileType = sourcecode.c.h; name = core.h; path = ../../include/bowthika/core.h; sourceTree = "<group>"; };
		04C1AC551BD747B100F80EC1 /* particle.cpp */ = {isa = PBXFileReference; lastKnownFileType = sourcecode.cpp.cpp; name = particle.cpp; path = ../../include/bowthika/particle.cpp; sourceTree = "<group>"; };
		04C1AC561BD747B100F80EC1 /* particle.h */ = {isa = PBXFileReference; lastKnownFileType = sourcecode.c.h; name = particle.h; path = ../../include/bowthika/particle.h; sourceTree = "<group>"; };
		04C1AC571BD747B100F80EC1 /* precision.h */ = {isa = PBXFileReference; lastKnownFileType = sourcecode.c.h; name = precision.h; path = ../../include/bowthika/precision.h; sourceTree = "<group>"; };
/* End PBXFileReference section */

/* Begin PBXFrameworksBuildPhase section */
		046A160B1BD3399800DB379B /* Frameworks */ = {
			isa = PBXFrameworksBuildPhase;
			buildActionMask = 2147483647;
			files = (
			);
			runOnlyForDeploymentPostprocessing = 0;
		};
/* End PBXFrameworksBuildPhase section */

/* Begin PBXGroup section */
		046A16051BD3399800DB379B = {
			isa = PBXGroup;
			children = (
				04C1AC541BD747B100F80EC1 /* core.h */,
				04C1AC551BD747B100F80EC1 /* particle.cpp */,
				04C1AC561BD747B100F80EC1 /* particle.h */,
				04C1AC571BD747B100F80EC1 /* precision.h */,
				046A16101BD3399800DB379B /* Bowthika */,
				046A160F1BD3399800DB379B /* Products */,
			);
			sourceTree = "<group>";
		};
		046A160F1BD3399800DB379B /* Products */ = {
			isa = PBXGroup;
			children = (
				046A160E1BD3399800DB379B /* Bowthika */,
			);
			name = Products;
			sourceTree = "<group>";
		};
		046A16101BD3399800DB379B /* Bowthika */ = {
			isa = PBXGroup;
			children = (
				04C1AC4A1BD7475B00F80EC1 /* bowthika */,
				046A16111BD3399800DB379B /* main.cpp */,
			);
			path = Bowthika;
			sourceTree = "<group>";
		};
/* End PBXGroup section */

/* Begin PBXNativeTarget section */
		046A160D1BD3399800DB379B /* Bowthika */ = {
			isa = PBXNativeTarget;
			buildConfigurationList = 046A16151BD3399800DB379B /* Build configuration list for PBXNativeTarget "Bowthika" */;
			buildPhases = (
				046A160A1BD3399800DB379B /* Sources */,
				046A160B1BD3399800DB379B /* Frameworks */,
				046A160C1BD3399800DB379B /* CopyFiles */,
			);
			buildRules = (
			);
			dependencies = (
			);
			name = Bowthika;
			productName = Bowthika;
			productReference = 046A160E1BD3399800DB379B /* Bowthika */;
			productType = "com.apple.product-type.tool";
		};
/* End PBXNativeTarget section */

/* Begin PBXProject section */
		046A16061BD3399800DB379B /* Project object */ = {
			isa = PBXProject;
			attributes = {
				LastUpgradeCheck = 0700;
				ORGANIZATIONNAME = "Anil Unnikrishnan";
				TargetAttributes = {
					046A160D1BD3399800DB379B = {
						CreatedOnToolsVersion = 7.0.1;
					};
				};
			};
			buildConfigurationList = 046A16091BD3399800DB379B /* Build configuration list for PBXProject "Bowthika" */;
			compatibilityVersion = "Xcode 3.2";
			developmentRegion = English;
			hasScannedForEncodings = 0;
			knownRegions = (
				en,
			);
			mainGroup = 046A16051BD3399800DB379B;
			productRefGroup = 046A160F1BD3399800DB379B /* Products */;
			projectDirPath = "";
			projectRoot = "";
			targets = (
				046A160D1BD3399800DB379B /* Bowthika */,
			);
		};
/* End PBXProject section */

/* Begin PBXSourcesBuildPhase section */
		046A160A1BD3399800DB379B /* Sources */ = {
			isa = PBXSourcesBuildPhase;
			buildActionMask = 2147483647;
			files = (
				04C1AC581BD747B100F80EC1 /* core.h in Sources */,
				04C1AC591BD747B100F80EC1 /* particle.cpp in Sources */,
				04C1AC5A1BD747B100F80EC1 /* particle.h in Sources */,
				04C1AC5B1BD747B100F80EC1 /* precision.h in Sources */,
				046A16121BD3399800DB379B /* main.cpp in Sources */,
			);
			runOnlyForDeploymentPostprocessing = 0;
		};
/* End PBXSourcesBuildPhase section */

/* Begin XCBuildConfiguration section */
		046A16131BD3399800DB379B /* Debug */ = {
			isa = XCBuildConfiguration;
			buildSettings = {
				ALWAYS_SEARCH_USER_PATHS = NO;
				CLANG_CXX_LANGUAGE_STANDARD = "gnu++0x";
				CLANG_CXX_LIBRARY = "libc++";
				CLANG_ENABLE_MODULES = YES;
				CLANG_ENABLE_OBJC_ARC = YES;
				CLANG_WARN_BOOL_CONVERSION = YES;
				CLANG_WARN_CONSTANT_CONVERSION = YES;
				CLANG_WARN_DIRECT_OBJC_ISA_USAGE = YES_ERROR;
				CLANG_WARN_EMPTY_BODY = YES;
				CLANG_WARN_ENUM_CONVERSION = YES;
				CLANG_WARN_INT_CONVERSION = YES;
				CLANG_WARN_OBJC_ROOT_CLASS = YES_ERROR;
				CLANG_WARN_UNREACHABLE_CODE = YES;
				CLANG_WARN__DUPLICATE_METHOD_MATCH = YES;
				COPY_PHASE_STRIP = NO;
				DEBUG_INFORMATION_FORMAT = dwarf;
				ENABLE_STRICT_OBJC_MSGSEND = YES;
				ENABLE_TESTABILITY = YES;
				GCC_C_LANGUAGE_STANDARD = gnu99;
				GCC_DYNAMIC_NO_PIC = NO;
				GCC_NO_COMMON_BLOCKS = YES;
				GCC_OPTIMIZATION_LEVEL = 0;
				GCC_PREPROCESSOR_DEFINITIONS = (
					"DEBUG=1",
					"$(inherited)",
				);
				GCC_WARN_64_TO_32_BIT_CONVERSION = YES;
				GCC_WARN_ABOUT_RETURN_TYPE = YES_ERROR;
				GCC_WARN_UNDECLARED_SELECTOR = YES;
				GCC_WARN_UNINITIALIZED_AUTOS = YES_AGGRESSIVE;
				GCC_WARN_UNUSED_FUNCTION = YES;
				GCC_WARN_UNUSED_VARIABLE = YES;
				HEADER_SEARCH_PATHS = "\"/Users/anil/Game Dev/Engines/Physics Engine/include\"/**";
				MACOSX_DEPLOYMENT_TARGET = 10.11;
				MTL_ENABLE_DEBUG_INFO = YES;
				ONLY_ACTIVE_ARCH = YES;
				SDKROOT = macosx;
			};
			name = Debug;
		};
		046A16141BD3399800DB379B /* Release */ = {
			isa = XCBuildConfiguration;
			buildSettings = {
				ALWAYS_SEARCH_USER_PATHS = NO;
				CLANG_CXX_LANGUAGE_STANDARD = "gnu++0x";
				CLANG_CXX_LIBRARY = "libc++";
				CLANG_ENABLE_MODULES = YES;
				CLANG_ENABLE_OBJC_ARC = YES;
				CLANG_WARN_BOOL_CONVERSION = YES;
				CLANG_WARN_CONSTANT_CONVERSION = YES;
				CLANG_WARN_DIRECT_OBJC_ISA_USAGE = YES_ERROR;
				CLANG_WARN_EMPTY_BODY = YES;
				CLANG_WARN_ENUM_CONVERSION = YES;
				CLANG_WARN_INT_CONVERSION = YES;
				CLANG_WARN_OBJC_ROOT_CLASS = YES_ERROR;
				CLANG_WARN_UNREACHABLE_CODE = YES;
				CLANG_WARN__DUPLICATE_METHOD_MATCH = YES;
				COPY_PHASE_STRIP = NO;
				DEBUG_INFORMATION_FORMAT = "dwarf-with-dsym";
				ENABLE_NS_ASSERTIONS = NO;
				ENABLE_STRICT_OBJC_MSGSEND = YES;
				GCC_C_LANGUAGE_STANDARD = gnu99;
				GCC_NO_COMMON_BLOCKS = YES;
				GCC_WARN_64_TO_32_BIT_CONVERSION = YES;
				GCC_WARN_ABOUT_RETURN_TYPE = YES_ERROR;
				GCC_WARN_UNDECLARED_SELECTOR = YES;
				GCC_WARN_UNINITIALIZED_AUTOS = YES_AGGRESSIVE;
				GCC_WARN_UNUSED_FUNCTION = YES;
				GCC_WARN_UNUSED_VARIABLE = YES;
				HEADER_SEARCH_PATHS = "\"/Users/anil/Game Dev/Engines/Physics Engine/include\"/**";
				MACOSX_DEPLOYMENT_TARGET = 10.11;
				MTL_ENABLE_DEBUG_INFO = NO;
				SDKROOT = macosx;
			};
			name = Release;
		};
		046A16161BD3399800DB379B /* Debug */ = {
			isa = XCBuildConfiguration;
			buildSettings = {
				PRODUCT_NAME = "$(TARGET_NAME)";
			};
			name = Debug;
		};
		046A16171BD3399800DB379B /* Release */ = {
			isa = XCBuildConfiguration;
			buildSettings = {
				PRODUCT_NAME = "$(TARGET_NAME)";
			};
			name = Release;
		};
/* End XCBuildConfiguration section */

/* Begin XCConfigurationList section */
		046A16091BD3399800DB379B /* Build configuration list for PBXProject "Bowthika" */ = {
			isa = XCConfigurationList;
			buildConfigurations = (
				046A16131BD3399800DB379B /* Debug */,
				046A16141BD3399800DB379B /* Release */,
			);
			defaultConfigurationIsVisible = 0;
			defaultConfigurationName = Release;
		};
		046A16151BD3399800DB379B /* Build configuration list for PBXNativeTarget "Bowthika" */ = {
			isa = XCConfigurationList;
			buildConfigurations = (
				046A16161BD3399800DB379B /* Debug */,
				046A16171BD3399800DB379B /* Release */,
			);
			defaultConfigurationIsVisible = 0;
			defaultConfigurationName = Release;
		};
/* End XCConfigurationList section */
	};
	rootObject = 046A16061BD3399800DB379B /* Project object */;
}
